{
    "_meta": {
        "hash": {
            "sha256": "def395175e53ce5d271a0ae667d8514b5009571a83803fb625c8d9ac889db9a3"
        },
        "pipfile-spec": 6,
        "requires": {
            "python_version": "3.7"
        },
        "sources": [
            {
                "name": "pypi",
                "url": "https://pypi.python.org/simple",
                "verify_ssl": true
            }
        ]
    },
    "default": {
        "boto3": {
            "hashes": [
                "sha256:8a3b9bb731270888271cd3e0de8d96b35db86be55cfd47296087a074ff23ea86",
                "sha256:e8f02208f0127dd73443b8518aacd8207563576e6f6b245a621fdf5080acd5fb"
            ],
            "version": "==1.10.40"
        },
        "botocore": {
            "hashes": [
                "sha256:0f30d5f09181231166c4e74ba7335d0740e1645c4354d76271fde0cad606d8a4",
                "sha256:7e44f4c527c11c90942b3ea32ef4577596b08e77d01ab3f9a260b4873402a84d"
            ],
            "version": "==1.13.40"
        },
        "certifi": {
            "hashes": [
                "sha256:017c25db2a153ce562900032d5bc68e9f191e44e9a0f762f373977de9df1fbb3",
                "sha256:25b64c7da4cd7479594d035c08c2d809eb4aab3a26e5a990ea98cc450c320f1f"
            ],
            "version": "==2019.11.28"
        },
        "chardet": {
            "hashes": [
                "sha256:84ab92ed1c4d4f16916e05906b6b75a6c0fb5db821cc65e70cbd64a3e2a5eaae",
                "sha256:fc323ffcaeaed0e0a02bf4d117757b98aed530d9ed4531e3e15460124c106691"
            ],
            "version": "==3.0.4"
        },
        "click": {
            "hashes": [
                "sha256:2335065e6395b9e67ca716de5f7526736bfa6ceead690adf616d925bdc622b13",
                "sha256:5b94b49521f6456670fdb30cd82a4eca9412788a93fa6dd6df72c94d5a8ff2d7"
            ],
            "version": "==7.0"
        },
        "docutils": {
            "hashes": [
                "sha256:6c4f696463b79f1fb8ba0c594b63840ebd41f059e92b31957c46b74a4599b6d0",
                "sha256:9e4d7ecfc600058e07ba661411a2b7de2fd0fafa17d1a7f7361cd47b1175c827",
                "sha256:a2aeea129088da402665e92e0b25b04b073c04b2dce4ab65caaa38b7ce2e1a99"
            ],
            "version": "==0.15.2"
        },
        "feedparser": {
            "hashes": [
                "sha256:bd030652c2d08532c034c27fcd7c85868e7fa3cb2b17f230a44a6bbc92519bf9",
                "sha256:cd2485472e41471632ed3029d44033ee420ad0b57111db95c240c9160a85831c",
                "sha256:ce875495c90ebd74b179855449040003a1beb40cd13d5f037a0654251e260b02"
            ],
            "index": "pypi",
            "version": "==5.2.1"
        },
        "idna": {
            "hashes": [
                "sha256:c357b3f628cf53ae2c4c05627ecc484553142ca23264e593d327bcde5e9c3407",
                "sha256:ea8b7f6188e6fa117537c3df7da9fc686d485087abf6ac197f9c46432f7e4a3c"
            ],
            "version": "==2.8"
        },
        "jmespath": {
            "hashes": [
                "sha256:3720a4b1bd659dd2eecad0666459b9788813e032b83e7ba58578e48254e0a0e6",
                "sha256:bde2aef6f44302dfb30320115b17d030798de8c4110e28d5cf6cf91a7a31074c"
            ],
            "version": "==0.9.4"
        },
        "joblib": {
            "hashes": [
                "sha256:0630eea4f5664c463f23fbf5dcfc54a2bc6168902719fa8e19daf033022786c8",
                "sha256:bdb4fd9b72915ffb49fde2229ce482dd7ae79d842ed8c2b4c932441495af1403"
            ],
            "version": "==0.14.1"
        },
        "jsonlines": {
            "hashes": [
                "sha256:0ebd5b0c3efe0d4b5018b320fb0ee1a7b680ab39f6eb853715859f818d386cc8",
                "sha256:43b8d5588a9d4862c8a4a49580e38e20ec595aee7ad6fe469b10fb83fbefde88"
            ],
            "index": "pypi",
            "version": "==1.2.0"
        },
        "numpy": {
            "hashes": [
                "sha256:0a7a1dd123aecc9f0076934288ceed7fd9a81ba3919f11a855a7887cbe82a02f",
                "sha256:0c0763787133dfeec19904c22c7e358b231c87ba3206b211652f8cbe1241deb6",
                "sha256:3d52298d0be333583739f1aec9026f3b09fdfe3ddf7c7028cb16d9d2af1cca7e",
                "sha256:43bb4b70585f1c2d153e45323a886839f98af8bfa810f7014b20be714c37c447",
                "sha256:475963c5b9e116c38ad7347e154e5651d05a2286d86455671f5b1eebba5feb76",
                "sha256:64874913367f18eb3013b16123c9fed113962e75d809fca5b78ebfbb73ed93ba",
                "sha256:683828e50c339fc9e68720396f2de14253992c495fdddef77a1e17de55f1decc",
                "sha256:6ca4000c4a6f95a78c33c7dadbb9495c10880be9c89316aa536eac359ab820ae",
                "sha256:75fd817b7061f6378e4659dd792c84c0b60533e867f83e0d1e52d5d8e53df88c",
                "sha256:7d81d784bdbed30137aca242ab307f3e65c8d93f4c7b7d8f322110b2e90177f9",
                "sha256:8d0af8d3664f142414fd5b15cabfd3b6cc3ef242a3c7a7493257025be5a6955f",
                "sha256:9679831005fb16c6df3dd35d17aa31dc0d4d7573d84f0b44cc481490a65c7725",
                "sha256:a8f67ebfae9f575d85fa859b54d3bdecaeece74e3274b0b5c5f804d7ca789fe1",
                "sha256:acbf5c52db4adb366c064d0b7c7899e3e778d89db585feadd23b06b587d64761",
                "sha256:ada4805ed51f5bcaa3a06d3dd94939351869c095e30a2b54264f5a5004b52170",
                "sha256:c7354e8f0eca5c110b7e978034cd86ed98a7a5ffcf69ca97535445a595e07b8e",
                "sha256:e2e9d8c87120ba2c591f60e32736b82b67f72c37ba88a4c23c81b5b8fa49c018",
                "sha256:e467c57121fe1b78a8f68dd9255fbb3bb3f4f7547c6b9e109f31d14569f490c3",
                "sha256:ede47b98de79565fcd7f2decb475e2dcc85ee4097743e551fe26cfc7eb3ff143",
                "sha256:f58913e9227400f1395c7b800503ebfdb0772f1c33ff8cb4d6451c06cabdf316",
                "sha256:fe39f5fd4103ec4ca3cb8600b19216cd1ff316b4990f4c0b6057ad982c0a34d5"
            ],
            "index": "pypi",
            "version": "==1.17.4"
        },
        "pudb": {
            "hashes": [
                "sha256:e8f0ea01b134d802872184b05bffc82af29a1eb2f9374a277434b932d68f58dc"
            ],
            "index": "pypi",
            "version": "==2019.2"
        },
        "pygments": {
            "hashes": [
                "sha256:2a3fe295e54a20164a9df49c75fa58526d3be48e14aceba6d6b1e8ac0bfd6f1b",
                "sha256:98c8aa5a9f778fcd1026a17361ddaf7330d1b7c62ae97c3bb0ae73e0b9b6b0fe"
            ],
            "version": "==2.5.2"
        },
        "python-dateutil": {
            "hashes": [
                "sha256:7e6584c74aeed623791615e26efd690f29817a27c73085b78e4bad02493df2fb",
                "sha256:c89805f6f4d64db21ed966fda138f8a5ed7a4fdbc1a8ee329ce1b74e3c74da9e"
            ],
            "markers": "python_version >= '2.7'",
            "version": "==2.8.0"
        },
        "regex": {
            "hashes": [
                "sha256:3dbd8333fd2ebd50977ac8747385a73aa1f546eb6b16fcd83d274470fe11f243",
                "sha256:40b7d1291a56897927e08bb973f8c186c2feb14c7f708bfe7aaee09483e85a20",
                "sha256:719978a9145d59fc78509ea1d1bb74243f93583ef2a34dcc5623cf8118ae9726",
                "sha256:75cf3796f89f75f83207a5c6a6e14eaf57e0369ef0ffff8e22bf36bbcfa0f1de",
                "sha256:77396cf80be8b2a35db863cca4c1a902d88ceeb183adab328b81184e71a5eafe",
                "sha256:77a3799152951d6d14ae5720ca162c97c64f85d4755da585418eac216b736cad",
                "sha256:91235c98283d2bddf1a588f0fbc2da8afa37959294bbd18b76297bdf316ba4d6",
                "sha256:aaffd68c4c1ed891366d5c390081f4bf6337595e76a157baf453603d8e53fbcb",
                "sha256:ad9e3c7260809c0d1ded100269f78ea0217c0704f1eaaf40a382008461848b45",
                "sha256:c203c9ee755e9656d0af8fab82754d5a664ebaf707b3f883c7eff6a3dd5151cf",
                "sha256:e865bc508e316a3a09d36c8621596e6599a203bc54f1cd41020a127ccdac468a"
            ],
            "version": "==2019.12.9"
        },
        "requests": {
            "hashes": [
                "sha256:11e007a8a2aa0323f5a921e9e6a2d7e4e67d9877e85773fba9ba6419025cbeb4",
                "sha256:9cf5292fcd0f598c671cfc1e0d7d1a7f13bb8085e9a590f48c010551dc6c4b31"
            ],
            "version": "==2.22.0"
        },
        "s3transfer": {
            "hashes": [
                "sha256:6efc926738a3cd576c2a79725fed9afde92378aa5c6a957e3af010cb019fac9d",
                "sha256:b780f2411b824cb541dbcd2c713d0cb61c7d1bcadae204cdddda2b35cef493ba"
            ],
            "version": "==0.2.1"
        },
        "sacremoses": {
            "hashes": [
                "sha256:1e84da95cbdbfc8bbc148c0feb5a4737c5d9757071b79e8c1129e449410e410a"
            ],
            "version": "==0.0.35"
        },
        "sentencepiece": {
            "hashes": [
                "sha256:0a98ec863e541304df23a37787033001b62cb089f4ed9307911791d7e210c0b1",
                "sha256:0ad221ea7914d65f57d3e3af7ae48852b5035166493312b5025367585b43ac41",
                "sha256:0f72c4151791de7242e7184a9b7ef12503cef42e9a5a0c1b3510f2c68874e810",
                "sha256:22fe7d92203fadbb6a0dc7d767430d37cdf3a9da4a0f2c5302c7bf294f7bfd8f",
                "sha256:2a72d4c3d0dbb1e099ddd2dc6b724376d3d7ff77ba494756b894254485bec4b4",
                "sha256:30791ce80a557339e17f1290c68dccd3f661612fdc6b689b4e4f21d805b64952",
                "sha256:39904713b81869db10de53fe8b3719f35acf77f49351f28ceaad0d360f2f6305",
                "sha256:3d5a2163deea95271ce8e38dfd0c3c924bea92aaf63bdda69b5458628dacc8bd",
                "sha256:3f3dee204635c33ca2e450e17ee9e0e92f114a47f853c2e44e7f0f0ab444d8d0",
                "sha256:4dcea889af53f669dc39d1ca870c37c52bb3110fcd96a2e7330d288400958281",
                "sha256:4e36a92558ad9e2f91b311c5bcea90b7a63c567c0e7e20da44d6a6f01031b57e",
                "sha256:576bf820eb963e6f275d4005ed5334fbed59eb54bed508e5cae6d16c7179710f",
                "sha256:6d2bbdbf296d96304c6345675749981bb17dcf2a7163d2fec38f70a704b75669",
                "sha256:76fdce3e7e614e24b35167c22c9c388e0c843be53d99afb5e1f25f6bfe04e228",
                "sha256:97b8ee26892d236b2620af8ddae11713fbbb2dae9adf4ad5e988e5a82ce50a90",
                "sha256:b3b6fe02af7ea4823c19e0d8efddc10ff59b8449bc1ae9921f9dd8ad33802c33",
                "sha256:b416f514fff8785a1113e6c07f696e52967fc979d6cd946e454a8660cca72ef8",
                "sha256:bf0bad6ba01ace3e938ffdf05c42b24d8fd3740487ba865504795a0bb9b1f2b3",
                "sha256:c00387970360ec0369b5e7c75f3977fb14330df75465200c13bafb7a632d2e6b",
                "sha256:c23fb7bb949934998375d41dbe54d4df1778a3b9dcb24bc2ddaaa595819ed1da",
                "sha256:dfdcf48678656592b11d11e2102c52c38122e309f7a1a5272305d397cfe21ce0",
                "sha256:fb69c5ba325b900cf2b91f517b46eec8ce3c50995955e293b46681d832021c0e",
                "sha256:fba83bef6c7a7899cd811d9b1195e748722eb2a9737c3f3890160f0e01e3ad08",
                "sha256:fe115aee209197839b2a357e34523e23768d553e8a69eac2b558499ccda56f80",
                "sha256:ffdf51218a3d7e0dad79bdffd21ad15a23cbb9c572d2300c3295c6efc6c2357e"
            ],
            "version": "==0.1.85"
        },
        "six": {
            "hashes": [
                "sha256:1f1b7d42e254082a9db6279deae68afb421ceba6158efa6131de7b3003ee93fd",
                "sha256:30f610279e8b2578cab6db20741130331735c781b56053c59c4076da27f06b66"
            ],
            "version": "==1.13.0"
        },
        "torch": {
            "hashes": [
                "sha256:0cec2e13a2e95c24c34f17d437f354ee2a40902e8d515a524556b350e12555dd",
                "sha256:134e8291a97151b1ffeea09cb9ddde5238beb4e6d9dfb66657143d6990bfb865",
                "sha256:31062923ac2e60eac676f6a0ae14702b051c158bbcf7f440eaba266b0defa197",
                "sha256:3b05233481b51bb636cee63dc761bb7f602e198178782ff4159d385d1759608b",
                "sha256:458f1d87e5b7064b2c39e36675d84e163be3143dd2fc806057b7878880c461bc",
                "sha256:72a1c85bffd2154f085bc0a1d378d8a54e55a57d49664b874fe7c949022bf071",
                "sha256:77fd8866c0bf529861ffd850a5dada2190a8d9c5167719fb0cfa89163e23b143",
                "sha256:b6f01d851d1c5989d4a99b50ae0187762b15b7718dcd1a33704b665daa2402f9",
                "sha256:d8e1d904a6193ed14a4fed220b00503b2baa576e71471286d1ebba899c851fae"
            ],
            "index": "pypi",
            "version": "==1.3.1"
        },
        "tqdm": {
            "hashes": [
                "sha256:7543892c59720e36e4212180274d8f58dde36803bc1f6370fd09afa20b8f5892",
                "sha256:f0ab01cf3ae5673d18f918700c0165e5fad0f26b5ebe4b34f62ead92686b5340"
            ],
            "index": "pypi",
            "version": "==4.40.2"
        },
        "transformers": {
            "hashes": [
                "sha256:47933298341cc6456bee7aa71fc8df196aa512b1c9fc6cf91affe54e065501d7",
                "sha256:cc9dc9411419ea3ad8961041a0b8133d862e3fa1eb1c55b3c6a4e57df956e68f"
            ],
            "index": "pypi",
            "version": "==2.2.2"
        },
        "urllib3": {
            "hashes": [
                "sha256:a8a318824cc77d1fd4b2bec2ded92646630d7fe8619497b142c84a9e6f5a7293",
                "sha256:f3c5fd51747d450d4dcf6f923c81f78f811aab8205fda64b0aba34a4e48b0745"
            ],
            "version": "==1.25.7"
        },
        "urwid": {
            "hashes": [
                "sha256:0896f36060beb6bf3801cb554303fef336a79661401797551ba106d23ab4cd86"
            ],
            "version": "==2.1.0"
        }
    },
    "develop": {}
}
